// !$*UTF8*$!
{
	archiveVersion = 1;
	classes = {
	};
	objectVersion = 50;
	objects = {

/* Begin PBXBuildFile section */
		3643B8EC20CDE42F00EDD771 /* ApplicationContainer.swift in Sources */ = {isa = PBXBuildFile; fileRef = 3643B8E820CDE42F00EDD771 /* ApplicationContainer.swift */; };
		3643B8ED20CDE42F00EDD771 /* ApplicationDelegate.swift in Sources */ = {isa = PBXBuildFile; fileRef = 3643B8EA20CDE42F00EDD771 /* ApplicationDelegate.swift */; };
		3643B8EE20CDE42F00EDD771 /* ApplicationRouter.swift in Sources */ = {isa = PBXBuildFile; fileRef = 3643B8EB20CDE42F00EDD771 /* ApplicationRouter.swift */; };
		3643B8F720CDE4AF00EDD771 /* TabBarRouter.swift in Sources */ = {isa = PBXBuildFile; fileRef = 3643B8F120CDE4AF00EDD771 /* TabBarRouter.swift */; };
		3643B8FD20CDE5F700EDD771 /* LaunchScreen.storyboard in Resources */ = {isa = PBXBuildFile; fileRef = 3643B8FC20CDE5F700EDD771 /* LaunchScreen.storyboard */; };
		3643B90520CDE65B00EDD771 /* Instantiatable.swift in Sources */ = {isa = PBXBuildFile; fileRef = 3643B90420CDE65B00EDD771 /* Instantiatable.swift */; };
		3643B90720CDE66F00EDD771 /* Instantiatable+UIView.swift in Sources */ = {isa = PBXBuildFile; fileRef = 3643B90620CDE66F00EDD771 /* Instantiatable+UIView.swift */; };
		3643B90920CDE69B00EDD771 /* Instantiatable+UIViewController.swift in Sources */ = {isa = PBXBuildFile; fileRef = 3643B90820CDE69B00EDD771 /* Instantiatable+UIViewController.swift */; };
		3643B91320CDE7E100EDD771 /* EventsViewController.swift in Sources */ = {isa = PBXBuildFile; fileRef = 3643B91220CDE7E100EDD771 /* EventsViewController.swift */; };
		3643B91520CDE80E00EDD771 /* EventsViewController.storyboard in Resources */ = {isa = PBXBuildFile; fileRef = 3643B91420CDE80E00EDD771 /* EventsViewController.storyboard */; };
		3643B91720CDE8BE00EDD771 /* EventsRouter.swift in Sources */ = {isa = PBXBuildFile; fileRef = 3643B91620CDE8BE00EDD771 /* EventsRouter.swift */; };
		3643B91920CDE90E00EDD771 /* EventsViewModel.swift in Sources */ = {isa = PBXBuildFile; fileRef = 3643B91820CDE90E00EDD771 /* EventsViewModel.swift */; };
		36B28F7420CDEC0E00BF9C45 /* TabBarController.swift in Sources */ = {isa = PBXBuildFile; fileRef = 36B28F7320CDEC0E00BF9C45 /* TabBarController.swift */; };
		36B28F7720CDED2000BF9C45 /* Router.swift in Sources */ = {isa = PBXBuildFile; fileRef = 36B28F7620CDED2000BF9C45 /* Router.swift */; };
		36F443FA20CDCE91004EA85D /* Networking.framework in Frameworks */ = {isa = PBXBuildFile; fileRef = 36F443F720CDCE85004EA85D /* Networking.framework */; };
		36F443FB20CDCE91004EA85D /* Networking.framework in Embed Frameworks */ = {isa = PBXBuildFile; fileRef = 36F443F720CDCE85004EA85D /* Networking.framework */; settings = {ATTRIBUTES = (CodeSignOnCopy, RemoveHeadersOnCopy, ); }; };
		A409AEB920EAA0C7001757FE /* CompanyTableViewCell.swift in Sources */ = {isa = PBXBuildFile; fileRef = A409AEB820EAA0C7001757FE /* CompanyTableViewCell.swift */; };
		A40C81DB20C979310034681C /* Assets.xcassets in Resources */ = {isa = PBXBuildFile; fileRef = A40C81DA20C979310034681C /* Assets.xcassets */; };
		A40C81E920C979310034681C /* NSIstanbulTests.swift in Sources */ = {isa = PBXBuildFile; fileRef = A40C81E820C979310034681C /* NSIstanbulTests.swift */; };
		A415D72B20E2C2A300B2B0A0 /* CompaniesViewController.swift in Sources */ = {isa = PBXBuildFile; fileRef = A415D72A20E2C2A300B2B0A0 /* CompaniesViewController.swift */; };
		A415D72D20E2C2BF00B2B0A0 /* CompaniesViewController.storyboard in Resources */ = {isa = PBXBuildFile; fileRef = A415D72C20E2C2BF00B2B0A0 /* CompaniesViewController.storyboard */; };
		A415D72F20E2C3C300B2B0A0 /* CompaniesRouter.swift in Sources */ = {isa = PBXBuildFile; fileRef = A415D72E20E2C3C300B2B0A0 /* CompaniesRouter.swift */; };
		A415D73120E2C4AE00B2B0A0 /* CompaniesViewModel.swift in Sources */ = {isa = PBXBuildFile; fileRef = A415D73020E2C4AE00B2B0A0 /* CompaniesViewModel.swift */; };
		A42766CE20EA91DF00363F92 /* NSIstanbulCompaniesResponse.json in Resources */ = {isa = PBXBuildFile; fileRef = A42766CD20EA91DF00363F92 /* NSIstanbulCompaniesResponse.json */; };
		B246FB9B20D6FD91007CC9FD /* StyleKit.swift in Sources */ = {isa = PBXBuildFile; fileRef = B246FB9A20D6FD91007CC9FD /* StyleKit.swift */; };
		B246FBB120D726DF007CC9FD /* Font.swift in Sources */ = {isa = PBXBuildFile; fileRef = B246FBB020D726DF007CC9FD /* Font.swift */; };
		B276C14D20F1872E00193706 /* UITableView+ReuseIdentifier.swift in Sources */ = {isa = PBXBuildFile; fileRef = B276C14C20F1872E00193706 /* UITableView+ReuseIdentifier.swift */; };
		B276C15120F1874D00193706 /* ReuseIdentifier.swift in Sources */ = {isa = PBXBuildFile; fileRef = B276C15020F1874D00193706 /* ReuseIdentifier.swift */; };
		B276C15620F187AE00193706 /* ViewModelState+ImageDownloadable.swift in Sources */ = {isa = PBXBuildFile; fileRef = B276C15520F187AE00193706 /* ViewModelState+ImageDownloadable.swift */; };
		B276C15820F187BE00193706 /* ViewModelState.swift in Sources */ = {isa = PBXBuildFile; fileRef = B276C15720F187BE00193706 /* ViewModelState.swift */; };
		B276C15A20F187D500193706 /* ImageDownloadable.swift in Sources */ = {isa = PBXBuildFile; fileRef = B276C15920F187D500193706 /* ImageDownloadable.swift */; };
		B2CE53B620DD7FE500354A60 /* UINavigationBar+Customizations.swift in Sources */ = {isa = PBXBuildFile; fileRef = B2CE53AE20D9DCCA00354A60 /* UINavigationBar+Customizations.swift */; };
		B2CE53C120DD80D600354A60 /* UITabBarItem+Default.swift in Sources */ = {isa = PBXBuildFile; fileRef = B2CE53C020DD80D600354A60 /* UITabBarItem+Default.swift */; };
/* End PBXBuildFile section */

/* Begin PBXContainerItemProxy section */
		36F443F620CDCE85004EA85D /* PBXContainerItemProxy */ = {
			isa = PBXContainerItemProxy;
			containerPortal = 36F443F120CDCE85004EA85D /* Networking.xcodeproj */;
			proxyType = 2;
			remoteGlobalIDString = 3618E79B1FED3C03003B5CA5;
			remoteInfo = Networking;
		};
		36F443F820CDCE85004EA85D /* PBXContainerItemProxy */ = {
			isa = PBXContainerItemProxy;
			containerPortal = 36F443F120CDCE85004EA85D /* Networking.xcodeproj */;
			proxyType = 2;
			remoteGlobalIDString = 3618E7A41FED3C03003B5CA5;
			remoteInfo = NetworkingTests;
		};
		36F443FC20CDCE91004EA85D /* PBXContainerItemProxy */ = {
			isa = PBXContainerItemProxy;
			containerPortal = 36F443F120CDCE85004EA85D /* Networking.xcodeproj */;
			proxyType = 1;
			remoteGlobalIDString = 3618E79A1FED3C03003B5CA5;
			remoteInfo = Networking;
		};
		A40C81E520C979310034681C /* PBXContainerItemProxy */ = {
			isa = PBXContainerItemProxy;
			containerPortal = A40C81C820C9792F0034681C /* Project object */;
			proxyType = 1;
			remoteGlobalIDString = A40C81CF20C979300034681C;
			remoteInfo = NSIstanbul;
		};
/* End PBXContainerItemProxy section */

/* Begin PBXCopyFilesBuildPhase section */
		A40C821A20C979F80034681C /* Embed Frameworks */ = {
			isa = PBXCopyFilesBuildPhase;
			buildActionMask = 2147483647;
			dstPath = "";
			dstSubfolderSpec = 10;
			files = (
				36F443FB20CDCE91004EA85D /* Networking.framework in Embed Frameworks */,
			);
			name = "Embed Frameworks";
			runOnlyForDeploymentPostprocessing = 0;
		};
/* End PBXCopyFilesBuildPhase section */

/* Begin PBXFileReference section */
		3643B8E820CDE42F00EDD771 /* ApplicationContainer.swift */ = {isa = PBXFileReference; fileEncoding = 4; lastKnownFileType = sourcecode.swift; path = ApplicationContainer.swift; sourceTree = "<group>"; };
		3643B8EA20CDE42F00EDD771 /* ApplicationDelegate.swift */ = {isa = PBXFileReference; fileEncoding = 4; lastKnownFileType = sourcecode.swift; path = ApplicationDelegate.swift; sourceTree = "<group>"; };
		3643B8EB20CDE42F00EDD771 /* ApplicationRouter.swift */ = {isa = PBXFileReference; fileEncoding = 4; lastKnownFileType = sourcecode.swift; path = ApplicationRouter.swift; sourceTree = "<group>"; };
		3643B8F120CDE4AF00EDD771 /* TabBarRouter.swift */ = {isa = PBXFileReference; fileEncoding = 4; lastKnownFileType = sourcecode.swift; path = TabBarRouter.swift; sourceTree = "<group>"; };
		3643B8FC20CDE5F700EDD771 /* LaunchScreen.storyboard */ = {isa = PBXFileReference; fileEncoding = 4; lastKnownFileType = file.storyboard; path = LaunchScreen.storyboard; sourceTree = "<group>"; };
		3643B90420CDE65B00EDD771 /* Instantiatable.swift */ = {isa = PBXFileReference; lastKnownFileType = sourcecode.swift; path = Instantiatable.swift; sourceTree = "<group>"; };
		3643B90620CDE66F00EDD771 /* Instantiatable+UIView.swift */ = {isa = PBXFileReference; lastKnownFileType = sourcecode.swift; path = "Instantiatable+UIView.swift"; sourceTree = "<group>"; };
		3643B90820CDE69B00EDD771 /* Instantiatable+UIViewController.swift */ = {isa = PBXFileReference; lastKnownFileType = sourcecode.swift; path = "Instantiatable+UIViewController.swift"; sourceTree = "<group>"; };
		3643B91220CDE7E100EDD771 /* EventsViewController.swift */ = {isa = PBXFileReference; lastKnownFileType = sourcecode.swift; path = EventsViewController.swift; sourceTree = "<group>"; };
		3643B91420CDE80E00EDD771 /* EventsViewController.storyboard */ = {isa = PBXFileReference; lastKnownFileType = file.storyboard; path = EventsViewController.storyboard; sourceTree = "<group>"; };
		3643B91620CDE8BE00EDD771 /* EventsRouter.swift */ = {isa = PBXFileReference; lastKnownFileType = sourcecode.swift; path = EventsRouter.swift; sourceTree = "<group>"; };
		3643B91820CDE90E00EDD771 /* EventsViewModel.swift */ = {isa = PBXFileReference; lastKnownFileType = sourcecode.swift; path = EventsViewModel.swift; sourceTree = "<group>"; };
		36B28F7320CDEC0E00BF9C45 /* TabBarController.swift */ = {isa = PBXFileReference; lastKnownFileType = sourcecode.swift; path = TabBarController.swift; sourceTree = "<group>"; };
		36B28F7620CDED2000BF9C45 /* Router.swift */ = {isa = PBXFileReference; lastKnownFileType = sourcecode.swift; path = Router.swift; sourceTree = "<group>"; };
		36F443F120CDCE85004EA85D /* Networking.xcodeproj */ = {isa = PBXFileReference; lastKnownFileType = "wrapper.pb-project"; name = Networking.xcodeproj; path = ../Networking/Networking.xcodeproj; sourceTree = "<group>"; };
		A409AEB820EAA0C7001757FE /* CompanyTableViewCell.swift */ = {isa = PBXFileReference; lastKnownFileType = sourcecode.swift; path = CompanyTableViewCell.swift; sourceTree = "<group>"; };
		A40C81D020C979300034681C /* NSIstanbul.app */ = {isa = PBXFileReference; explicitFileType = wrapper.application; includeInIndex = 0; path = NSIstanbul.app; sourceTree = BUILT_PRODUCTS_DIR; };
		A40C81DA20C979310034681C /* Assets.xcassets */ = {isa = PBXFileReference; lastKnownFileType = folder.assetcatalog; path = Assets.xcassets; sourceTree = "<group>"; };
		A40C81DF20C979310034681C /* Info.plist */ = {isa = PBXFileReference; lastKnownFileType = text.plist.xml; path = Info.plist; sourceTree = "<group>"; };
		A40C81E420C979310034681C /* NSIstanbulTests.xctest */ = {isa = PBXFileReference; explicitFileType = wrapper.cfbundle; includeInIndex = 0; path = NSIstanbulTests.xctest; sourceTree = BUILT_PRODUCTS_DIR; };
		A40C81E820C979310034681C /* NSIstanbulTests.swift */ = {isa = PBXFileReference; lastKnownFileType = sourcecode.swift; path = NSIstanbulTests.swift; sourceTree = "<group>"; };
		A40C81EA20C979310034681C /* Info.plist */ = {isa = PBXFileReference; lastKnownFileType = text.plist.xml; path = Info.plist; sourceTree = "<group>"; };
		A415D72A20E2C2A300B2B0A0 /* CompaniesViewController.swift */ = {isa = PBXFileReference; lastKnownFileType = sourcecode.swift; path = CompaniesViewController.swift; sourceTree = "<group>"; };
		A415D72C20E2C2BF00B2B0A0 /* CompaniesViewController.storyboard */ = {isa = PBXFileReference; lastKnownFileType = file.storyboard; path = CompaniesViewController.storyboard; sourceTree = "<group>"; };
		A415D72E20E2C3C300B2B0A0 /* CompaniesRouter.swift */ = {isa = PBXFileReference; lastKnownFileType = sourcecode.swift; path = CompaniesRouter.swift; sourceTree = "<group>"; };
		A415D73020E2C4AE00B2B0A0 /* CompaniesViewModel.swift */ = {isa = PBXFileReference; lastKnownFileType = sourcecode.swift; path = CompaniesViewModel.swift; sourceTree = "<group>"; };
		A42766CD20EA91DF00363F92 /* NSIstanbulCompaniesResponse.json */ = {isa = PBXFileReference; fileEncoding = 4; lastKnownFileType = text.json; path = NSIstanbulCompaniesResponse.json; sourceTree = "<group>"; };
		B246FB9A20D6FD91007CC9FD /* StyleKit.swift */ = {isa = PBXFileReference; lastKnownFileType = sourcecode.swift; path = StyleKit.swift; sourceTree = "<group>"; };
		B246FBB020D726DF007CC9FD /* Font.swift */ = {isa = PBXFileReference; lastKnownFileType = sourcecode.swift; path = Font.swift; sourceTree = "<group>"; };
		B276C14C20F1872E00193706 /* UITableView+ReuseIdentifier.swift */ = {isa = PBXFileReference; lastKnownFileType = sourcecode.swift; path = "UITableView+ReuseIdentifier.swift"; sourceTree = "<group>"; };
		B276C15020F1874D00193706 /* ReuseIdentifier.swift */ = {isa = PBXFileReference; lastKnownFileType = sourcecode.swift; path = ReuseIdentifier.swift; sourceTree = "<group>"; };
		B276C15520F187AE00193706 /* ViewModelState+ImageDownloadable.swift */ = {isa = PBXFileReference; lastKnownFileType = sourcecode.swift; path = "ViewModelState+ImageDownloadable.swift"; sourceTree = "<group>"; };
		B276C15720F187BE00193706 /* ViewModelState.swift */ = {isa = PBXFileReference; lastKnownFileType = sourcecode.swift; path = ViewModelState.swift; sourceTree = "<group>"; };
		B276C15920F187D500193706 /* ImageDownloadable.swift */ = {isa = PBXFileReference; lastKnownFileType = sourcecode.swift; path = ImageDownloadable.swift; sourceTree = "<group>"; };
		B2CE53AE20D9DCCA00354A60 /* UINavigationBar+Customizations.swift */ = {isa = PBXFileReference; lastKnownFileType = sourcecode.swift; path = "UINavigationBar+Customizations.swift"; sourceTree = "<group>"; };
		B2CE53C020DD80D600354A60 /* UITabBarItem+Default.swift */ = {isa = PBXFileReference; fileEncoding = 4; lastKnownFileType = sourcecode.swift; path = "UITabBarItem+Default.swift"; sourceTree = "<group>"; };
/* End PBXFileReference section */

/* Begin PBXFrameworksBuildPhase section */
		A40C81CD20C979300034681C /* Frameworks */ = {
			isa = PBXFrameworksBuildPhase;
			buildActionMask = 2147483647;
			files = (
				36F443FA20CDCE91004EA85D /* Networking.framework in Frameworks */,
			);
			runOnlyForDeploymentPostprocessing = 0;
		};
		A40C81E120C979310034681C /* Frameworks */ = {
			isa = PBXFrameworksBuildPhase;
			buildActionMask = 2147483647;
			files = (
			);
			runOnlyForDeploymentPostprocessing = 0;
		};
/* End PBXFrameworksBuildPhase section */

/* Begin PBXGroup section */
		3643B8EF20CDE4AF00EDD771 /* Scenes */ = {
			isa = PBXGroup;
			children = (
				A415D72820E2C24F00B2B0A0 /* Companies */,
				3643B8F020CDE4AF00EDD771 /* TabBar */,
				3643B91120CDE7CF00EDD771 /* Events */,
			);
			path = Scenes;
			sourceTree = "<group>";
		};
		3643B8F020CDE4AF00EDD771 /* TabBar */ = {
			isa = PBXGroup;
			children = (
				3643B8F120CDE4AF00EDD771 /* TabBarRouter.swift */,
				36B28F7320CDEC0E00BF9C45 /* TabBarController.swift */,
			);
			path = TabBar;
			sourceTree = "<group>";
		};
		3643B91020CDE77200EDD771 /* Instantiatable */ = {
			isa = PBXGroup;
			children = (
				3643B90420CDE65B00EDD771 /* Instantiatable.swift */,
				3643B90620CDE66F00EDD771 /* Instantiatable+UIView.swift */,
				3643B90820CDE69B00EDD771 /* Instantiatable+UIViewController.swift */,
			);
			path = Instantiatable;
			sourceTree = "<group>";
		};
		3643B91120CDE7CF00EDD771 /* Events */ = {
			isa = PBXGroup;
			children = (
				3643B91620CDE8BE00EDD771 /* EventsRouter.swift */,
				3643B91220CDE7E100EDD771 /* EventsViewController.swift */,
				3643B91420CDE80E00EDD771 /* EventsViewController.storyboard */,
				3643B91820CDE90E00EDD771 /* EventsViewModel.swift */,
			);
			path = Events;
			sourceTree = "<group>";
		};
		3643B91A20CDEA5000EDD771 /* Resources */ = {
			isa = PBXGroup;
			children = (
				A40C81EA20C979310034681C /* Info.plist */,
			);
			path = Resources;
			sourceTree = "<group>";
		};
		36F443F220CDCE85004EA85D /* Products */ = {
			isa = PBXGroup;
			children = (
				36F443F720CDCE85004EA85D /* Networking.framework */,
				36F443F920CDCE85004EA85D /* NetworkingTests.xctest */,
			);
			name = Products;
			sourceTree = "<group>";
		};
		A409AEB620EAA079001757FE /* CompanyCell */ = {
			isa = PBXGroup;
			children = (
				A409AEB820EAA0C7001757FE /* CompanyTableViewCell.swift */,
			);
			path = CompanyCell;
			sourceTree = "<group>";
		};
		A40C81C720C9792F0034681C = {
			isa = PBXGroup;
			children = (
				A40C81D220C979300034681C /* NSIstanbul */,
				A40C81E720C979310034681C /* NSIstanbulTests */,
				A41B659720C97B31005A38B2 /* Vendor */,
				A40C81D120C979300034681C /* Products */,
			);
			sourceTree = "<group>";
		};
		A40C81D120C979300034681C /* Products */ = {
			isa = PBXGroup;
			children = (
				A40C81D020C979300034681C /* NSIstanbul.app */,
				A40C81E420C979310034681C /* NSIstanbulTests.xctest */,
			);
			name = Products;
			sourceTree = "<group>";
		};
		A40C81D220C979300034681C /* NSIstanbul */ = {
			isa = PBXGroup;
			children = (
				B23E041620CC20030045D9B6 /* Application */,
				B2CE53BF20DD80D600354A60 /* Extensions */,
				A42766C820EA8E7200363F92 /* NetworkStubs */,
				B23E041B20CC20220045D9B6 /* Protocols */,
				B23E041C20CC20280045D9B6 /* Resources */,
				3643B8EF20CDE4AF00EDD771 /* Scenes */,
				B246FB9920D6FD84007CC9FD /* StyleKit */,
			);
			path = NSIstanbul;
			sourceTree = "<group>";
		};
		A40C81E720C979310034681C /* NSIstanbulTests */ = {
			isa = PBXGroup;
			children = (
				A40C81E820C979310034681C /* NSIstanbulTests.swift */,
				3643B91A20CDEA5000EDD771 /* Resources */,
			);
			path = NSIstanbulTests;
			sourceTree = "<group>";
		};
		A415D72820E2C24F00B2B0A0 /* Companies */ = {
			isa = PBXGroup;
			children = (
				A409AEB620EAA079001757FE /* CompanyCell */,
				A415D72C20E2C2BF00B2B0A0 /* CompaniesViewController.storyboard */,
				A415D72E20E2C3C300B2B0A0 /* CompaniesRouter.swift */,
				A415D72A20E2C2A300B2B0A0 /* CompaniesViewController.swift */,
				A415D73020E2C4AE00B2B0A0 /* CompaniesViewModel.swift */,
			);
			path = Companies;
			sourceTree = "<group>";
		};
		A41B659720C97B31005A38B2 /* Vendor */ = {
			isa = PBXGroup;
			children = (
				36F443F120CDCE85004EA85D /* Networking.xcodeproj */,
			);
			name = Vendor;
			sourceTree = "<group>";
		};
		A42766C820EA8E7200363F92 /* NetworkStubs */ = {
			isa = PBXGroup;
			children = (
				A42766CD20EA91DF00363F92 /* NSIstanbulCompaniesResponse.json */,
			);
			path = NetworkStubs;
			sourceTree = "<group>";
		};
		B23E041620CC20030045D9B6 /* Application */ = {
			isa = PBXGroup;
			children = (
				3643B8EA20CDE42F00EDD771 /* ApplicationDelegate.swift */,
				3643B8E820CDE42F00EDD771 /* ApplicationContainer.swift */,
				3643B8EB20CDE42F00EDD771 /* ApplicationRouter.swift */,
			);
			path = Application;
			sourceTree = "<group>";
		};
		B23E041B20CC20220045D9B6 /* Protocols */ = {
			isa = PBXGroup;
			children = (
				B276C15020F1874D00193706 /* ReuseIdentifier.swift */,
				36B28F7620CDED2000BF9C45 /* Router.swift */,
				3643B91020CDE77200EDD771 /* Instantiatable */,
				B276C15220F1877D00193706 /* ViewModel */,
				B276C15920F187D500193706 /* ImageDownloadable.swift */,
			);
			path = Protocols;
			sourceTree = "<group>";
		};
		B23E041C20CC20280045D9B6 /* Resources */ = {
			isa = PBXGroup;
			children = (
				A40C81DF20C979310034681C /* Info.plist */,
				3643B8FC20CDE5F700EDD771 /* LaunchScreen.storyboard */,
				A40C81DA20C979310034681C /* Assets.xcassets */,
			);
			path = Resources;
			sourceTree = "<group>";
		};
		B246FB9920D6FD84007CC9FD /* StyleKit */ = {
			isa = PBXGroup;
			children = (
				B246FB9A20D6FD91007CC9FD /* StyleKit.swift */,
				B246FBB020D726DF007CC9FD /* Font.swift */,
			);
			path = StyleKit;
			sourceTree = "<group>";
		};
		B276C15220F1877D00193706 /* ViewModel */ = {
			isa = PBXGroup;
			children = (
				B276C15720F187BE00193706 /* ViewModelState.swift */,
				B276C15520F187AE00193706 /* ViewModelState+ImageDownloadable.swift */,
			);
			path = ViewModel;
			sourceTree = "<group>";
		};
		B2CE53BF20DD80D600354A60 /* Extensions */ = {
			isa = PBXGroup;
			children = (
				B2CE53C020DD80D600354A60 /* UITabBarItem+Default.swift */,
				B2CE53AE20D9DCCA00354A60 /* UINavigationBar+Customizations.swift */,
				B276C14C20F1872E00193706 /* UITableView+ReuseIdentifier.swift */,
			);
			path = Extensions;
			sourceTree = "<group>";
		};
/* End PBXGroup section */

/* Begin PBXNativeTarget section */
		A40C81CF20C979300034681C /* NSIstanbul */ = {
			isa = PBXNativeTarget;
			buildConfigurationList = A40C81ED20C979310034681C /* Build configuration list for PBXNativeTarget "NSIstanbul" */;
			buildPhases = (
				A40C81CC20C979300034681C /* Sources */,
				A40C81CD20C979300034681C /* Frameworks */,
				A40C81CE20C979300034681C /* Resources */,
				A40C821A20C979F80034681C /* Embed Frameworks */,
				A49C3AF720C97F44004A195D /* Carthage Copy Frameworks */,
			);
			buildRules = (
			);
			dependencies = (
				36F443FD20CDCE91004EA85D /* PBXTargetDependency */,
			);
			name = NSIstanbul;
			productName = NSIstanbul;
			productReference = A40C81D020C979300034681C /* NSIstanbul.app */;
			productType = "com.apple.product-type.application";
		};
		A40C81E320C979310034681C /* NSIstanbulTests */ = {
			isa = PBXNativeTarget;
			buildConfigurationList = A40C81F020C979310034681C /* Build configuration list for PBXNativeTarget "NSIstanbulTests" */;
			buildPhases = (
				A40C81E020C979310034681C /* Sources */,
				A40C81E120C979310034681C /* Frameworks */,
				A40C81E220C979310034681C /* Resources */,
			);
			buildRules = (
			);
			dependencies = (
				A40C81E620C979310034681C /* PBXTargetDependency */,
			);
			name = NSIstanbulTests;
			productName = NSIstanbulTests;
			productReference = A40C81E420C979310034681C /* NSIstanbulTests.xctest */;
			productType = "com.apple.product-type.bundle.unit-test";
		};
/* End PBXNativeTarget section */

/* Begin PBXProject section */
		A40C81C820C9792F0034681C /* Project object */ = {
			isa = PBXProject;
			attributes = {
				LastSwiftUpdateCheck = 0940;
				LastUpgradeCheck = 0940;
				ORGANIZATIONNAME = NSIstanbul;
				TargetAttributes = {
					A40C81CF20C979300034681C = {
						CreatedOnToolsVersion = 9.4;
					};
					A40C81E320C979310034681C = {
						CreatedOnToolsVersion = 9.4;
						TestTargetID = A40C81CF20C979300034681C;
					};
				};
			};
			buildConfigurationList = A40C81CB20C9792F0034681C /* Build configuration list for PBXProject "NSIstanbul" */;
			compatibilityVersion = "Xcode 9.3";
			developmentRegion = en;
			hasScannedForEncodings = 0;
			knownRegions = (
				en,
				Base,
			);
			mainGroup = A40C81C720C9792F0034681C;
			productRefGroup = A40C81D120C979300034681C /* Products */;
			projectDirPath = "";
			projectReferences = (
				{
					ProductGroup = 36F443F220CDCE85004EA85D /* Products */;
					ProjectRef = 36F443F120CDCE85004EA85D /* Networking.xcodeproj */;
				},
			);
			projectRoot = "";
			targets = (
				A40C81CF20C979300034681C /* NSIstanbul */,
				A40C81E320C979310034681C /* NSIstanbulTests */,
			);
		};
/* End PBXProject section */

/* Begin PBXReferenceProxy section */
		36F443F720CDCE85004EA85D /* Networking.framework */ = {
			isa = PBXReferenceProxy;
			fileType = wrapper.framework;
			path = Networking.framework;
			remoteRef = 36F443F620CDCE85004EA85D /* PBXContainerItemProxy */;
			sourceTree = BUILT_PRODUCTS_DIR;
		};
		36F443F920CDCE85004EA85D /* NetworkingTests.xctest */ = {
			isa = PBXReferenceProxy;
			fileType = wrapper.cfbundle;
			path = NetworkingTests.xctest;
			remoteRef = 36F443F820CDCE85004EA85D /* PBXContainerItemProxy */;
			sourceTree = BUILT_PRODUCTS_DIR;
		};
/* End PBXReferenceProxy section */

/* Begin PBXResourcesBuildPhase section */
		A40C81CE20C979300034681C /* Resources */ = {
			isa = PBXResourcesBuildPhase;
			buildActionMask = 2147483647;
			files = (
				3643B8FD20CDE5F700EDD771 /* LaunchScreen.storyboard in Resources */,
				3643B91520CDE80E00EDD771 /* EventsViewController.storyboard in Resources */,
				A415D72D20E2C2BF00B2B0A0 /* CompaniesViewController.storyboard in Resources */,
				A40C81DB20C979310034681C /* Assets.xcassets in Resources */,
				A42766CE20EA91DF00363F92 /* NSIstanbulCompaniesResponse.json in Resources */,
			);
			runOnlyForDeploymentPostprocessing = 0;
		};
		A40C81E220C979310034681C /* Resources */ = {
			isa = PBXResourcesBuildPhase;
			buildActionMask = 2147483647;
			files = (
			);
			runOnlyForDeploymentPostprocessing = 0;
		};
/* End PBXResourcesBuildPhase section */

/* Begin PBXShellScriptBuildPhase section */
		A49C3AF720C97F44004A195D /* Carthage Copy Frameworks */ = {
			isa = PBXShellScriptBuildPhase;
			buildActionMask = 2147483647;
			files = (
			);
			inputPaths = (
				"$(SRCROOT)/../Vendor/Carthage/Build/iOS/Alamofire.framework",
				"$(SRCROOT)/../Vendor/Carthage/Build/iOS/OHHTTPStubs.framework",
				"$(SRCROOT)/../Vendor/Carthage/Build/iOS/AlamofireImage.framework",
			);
			name = "Carthage Copy Frameworks";
			outputPaths = (
				"$(BUILT_PRODUCTS_DIR)/$(FRAMEWORKS_FOLDER_PATH)/Alamofire.framework",
				"$(BUILT_PRODUCTS_DIR)/$(FRAMEWORKS_FOLDER_PATH)/OHHTTPStubs.framework",
				"$(BUILT_PRODUCTS_DIR)/$(FRAMEWORKS_FOLDER_PATH)/AlamofireImage.framework",
			);
			runOnlyForDeploymentPostprocessing = 0;
			shellPath = /bin/sh;
			shellScript = "/usr/local/bin/carthage copy-frameworks\n";
		};
/* End PBXShellScriptBuildPhase section */

/* Begin PBXSourcesBuildPhase section */
		A40C81CC20C979300034681C /* Sources */ = {
			isa = PBXSourcesBuildPhase;
			buildActionMask = 2147483647;
			files = (
				B276C15620F187AE00193706 /* ViewModelState+ImageDownloadable.swift in Sources */,
				B2CE53B620DD7FE500354A60 /* UINavigationBar+Customizations.swift in Sources */,
				3643B91320CDE7E100EDD771 /* EventsViewController.swift in Sources */,
				A415D73120E2C4AE00B2B0A0 /* CompaniesViewModel.swift in Sources */,
				A409AEB920EAA0C7001757FE /* CompanyTableViewCell.swift in Sources */,
				B276C15820F187BE00193706 /* ViewModelState.swift in Sources */,
				3643B91920CDE90E00EDD771 /* EventsViewModel.swift in Sources */,
				B276C15120F1874D00193706 /* ReuseIdentifier.swift in Sources */,
				B246FBB120D726DF007CC9FD /* Font.swift in Sources */,
				3643B8EE20CDE42F00EDD771 /* ApplicationRouter.swift in Sources */,
				3643B91720CDE8BE00EDD771 /* EventsRouter.swift in Sources */,
				3643B8ED20CDE42F00EDD771 /* ApplicationDelegate.swift in Sources */,
				36B28F7720CDED2000BF9C45 /* Router.swift in Sources */,
				3643B90520CDE65B00EDD771 /* Instantiatable.swift in Sources */,
				3643B90920CDE69B00EDD771 /* Instantiatable+UIViewController.swift in Sources */,
				3643B90720CDE66F00EDD771 /* Instantiatable+UIView.swift in Sources */,
				36B28F7420CDEC0E00BF9C45 /* TabBarController.swift in Sources */,
				3643B8F720CDE4AF00EDD771 /* TabBarRouter.swift in Sources */,
				B2CE53C120DD80D600354A60 /* UITabBarItem+Default.swift in Sources */,
				A415D72F20E2C3C300B2B0A0 /* CompaniesRouter.swift in Sources */,
				B276C15A20F187D500193706 /* ImageDownloadable.swift in Sources */,
				A415D72B20E2C2A300B2B0A0 /* CompaniesViewController.swift in Sources */,
				3643B8EC20CDE42F00EDD771 /* ApplicationContainer.swift in Sources */,
				B246FB9B20D6FD91007CC9FD /* StyleKit.swift in Sources */,
				B276C14D20F1872E00193706 /* UITableView+ReuseIdentifier.swift in Sources */,
			);
			runOnlyForDeploymentPostprocessing = 0;
		};
		A40C81E020C979310034681C /* Sources */ = {
			isa = PBXSourcesBuildPhase;
			buildActionMask = 2147483647;
			files = (
				A40C81E920C979310034681C /* NSIstanbulTests.swift in Sources */,
			);
			runOnlyForDeploymentPostprocessing = 0;
		};
/* End PBXSourcesBuildPhase section */

/* Begin PBXTargetDependency section */
		36F443FD20CDCE91004EA85D /* PBXTargetDependency */ = {
			isa = PBXTargetDependency;
			name = Networking;
			targetProxy = 36F443FC20CDCE91004EA85D /* PBXContainerItemProxy */;
		};
		A40C81E620C979310034681C /* PBXTargetDependency */ = {
			isa = PBXTargetDependency;
			target = A40C81CF20C979300034681C /* NSIstanbul */;
			targetProxy = A40C81E520C979310034681C /* PBXContainerItemProxy */;
		};
/* End PBXTargetDependency section */

/* Begin XCBuildConfiguration section */
		A40C81EB20C979310034681C /* Debug */ = {
			isa = XCBuildConfiguration;
			buildSettings = {
				ALWAYS_SEARCH_USER_PATHS = NO;
				CLANG_ANALYZER_NONNULL = YES;
				CLANG_ANALYZER_NUMBER_OBJECT_CONVERSION = YES_AGGRESSIVE;
				CLANG_CXX_LANGUAGE_STANDARD = "gnu++14";
				CLANG_CXX_LIBRARY = "libc++";
				CLANG_ENABLE_MODULES = YES;
				CLANG_ENABLE_OBJC_ARC = YES;
				CLANG_ENABLE_OBJC_WEAK = YES;
				CLANG_WARN_BLOCK_CAPTURE_AUTORELEASING = YES;
				CLANG_WARN_BOOL_CONVERSION = YES;
				CLANG_WARN_COMMA = YES;
				CLANG_WARN_CONSTANT_CONVERSION = YES;
				CLANG_WARN_DEPRECATED_OBJC_IMPLEMENTATIONS = YES;
				CLANG_WARN_DIRECT_OBJC_ISA_USAGE = YES_ERROR;
				CLANG_WARN_DOCUMENTATION_COMMENTS = YES;
				CLANG_WARN_EMPTY_BODY = YES;
				CLANG_WARN_ENUM_CONVERSION = YES;
				CLANG_WARN_INFINITE_RECURSION = YES;
				CLANG_WARN_INT_CONVERSION = YES;
				CLANG_WARN_NON_LITERAL_NULL_CONVERSION = YES;
				CLANG_WARN_OBJC_IMPLICIT_RETAIN_SELF = YES;
				CLANG_WARN_OBJC_LITERAL_CONVERSION = YES;
				CLANG_WARN_OBJC_ROOT_CLASS = YES_ERROR;
				CLANG_WARN_RANGE_LOOP_ANALYSIS = YES;
				CLANG_WARN_STRICT_PROTOTYPES = YES;
				CLANG_WARN_SUSPICIOUS_MOVE = YES;
				CLANG_WARN_UNGUARDED_AVAILABILITY = YES_AGGRESSIVE;
				CLANG_WARN_UNREACHABLE_CODE = YES;
				CLANG_WARN__DUPLICATE_METHOD_MATCH = YES;
				CODE_SIGN_IDENTITY = "iPhone Developer";
				COPY_PHASE_STRIP = NO;
				DEBUG_INFORMATION_FORMAT = dwarf;
				ENABLE_STRICT_OBJC_MSGSEND = YES;
				ENABLE_TESTABILITY = YES;
				FRAMEWORK_SEARCH_PATHS = "$(SRCROOT)/../Vendor/Carthage/Build/iOS";
				GCC_C_LANGUAGE_STANDARD = gnu11;
				GCC_DYNAMIC_NO_PIC = NO;
				GCC_NO_COMMON_BLOCKS = YES;
				GCC_OPTIMIZATION_LEVEL = 0;
				GCC_PREPROCESSOR_DEFINITIONS = (
					"DEBUG=1",
					"$(inherited)",
				);
				GCC_WARN_64_TO_32_BIT_CONVERSION = YES;
				GCC_WARN_ABOUT_RETURN_TYPE = YES_ERROR;
				GCC_WARN_UNDECLARED_SELECTOR = YES;
				GCC_WARN_UNINITIALIZED_AUTOS = YES_AGGRESSIVE;
				GCC_WARN_UNUSED_FUNCTION = YES;
				GCC_WARN_UNUSED_VARIABLE = YES;
				IPHONEOS_DEPLOYMENT_TARGET = 11.0;
				MTL_ENABLE_DEBUG_INFO = YES;
				ONLY_ACTIVE_ARCH = YES;
				SDKROOT = iphoneos;
				SWIFT_ACTIVE_COMPILATION_CONDITIONS = DEBUG;
				SWIFT_OPTIMIZATION_LEVEL = "-Onone";
			};
			name = Debug;
		};
		A40C81EC20C979310034681C /* Release */ = {
			isa = XCBuildConfiguration;
			buildSettings = {
				ALWAYS_SEARCH_USER_PATHS = NO;
				CLANG_ANALYZER_NONNULL = YES;
				CLANG_ANALYZER_NUMBER_OBJECT_CONVERSION = YES_AGGRESSIVE;
				CLANG_CXX_LANGUAGE_STANDARD = "gnu++14";
				CLANG_CXX_LIBRARY = "libc++";
				CLANG_ENABLE_MODULES = YES;
				CLANG_ENABLE_OBJC_ARC = YES;
				CLANG_ENABLE_OBJC_WEAK = YES;
				CLANG_WARN_BLOCK_CAPTURE_AUTORELEASING = YES;
				CLANG_WARN_BOOL_CONVERSION = YES;
				CLANG_WARN_COMMA = YES;
				CLANG_WARN_CONSTANT_CONVERSION = YES;
				CLANG_WARN_DEPRECATED_OBJC_IMPLEMENTATIONS = YES;
				CLANG_WARN_DIRECT_OBJC_ISA_USAGE = YES_ERROR;
				CLANG_WARN_DOCUMENTATION_COMMENTS = YES;
				CLANG_WARN_EMPTY_BODY = YES;
				CLANG_WARN_ENUM_CONVERSION = YES;
				CLANG_WARN_INFINITE_RECURSION = YES;
				CLANG_WARN_INT_CONVERSION = YES;
				CLANG_WARN_NON_LITERAL_NULL_CONVERSION = YES;
				CLANG_WARN_OBJC_IMPLICIT_RETAIN_SELF = YES;
				CLANG_WARN_OBJC_LITERAL_CONVERSION = YES;
				CLANG_WARN_OBJC_ROOT_CLASS = YES_ERROR;
				CLANG_WARN_RANGE_LOOP_ANALYSIS = YES;
				CLANG_WARN_STRICT_PROTOTYPES = YES;
				CLANG_WARN_SUSPICIOUS_MOVE = YES;
				CLANG_WARN_UNGUARDED_AVAILABILITY = YES_AGGRESSIVE;
				CLANG_WARN_UNREACHABLE_CODE = YES;
				CLANG_WARN__DUPLICATE_METHOD_MATCH = YES;
				CODE_SIGN_IDENTITY = "iPhone Developer";
				COPY_PHASE_STRIP = NO;
				DEBUG_INFORMATION_FORMAT = "dwarf-with-dsym";
				ENABLE_NS_ASSERTIONS = NO;
				ENABLE_STRICT_OBJC_MSGSEND = YES;
				FRAMEWORK_SEARCH_PATHS = "$(SRCROOT)/../Vendor/Carthage/Build/iOS";
				GCC_C_LANGUAGE_STANDARD = gnu11;
				GCC_NO_COMMON_BLOCKS = YES;
				GCC_WARN_64_TO_32_BIT_CONVERSION = YES;
				GCC_WARN_ABOUT_RETURN_TYPE = YES_ERROR;
				GCC_WARN_UNDECLARED_SELECTOR = YES;
				GCC_WARN_UNINITIALIZED_AUTOS = YES_AGGRESSIVE;
				GCC_WARN_UNUSED_FUNCTION = YES;
				GCC_WARN_UNUSED_VARIABLE = YES;
				IPHONEOS_DEPLOYMENT_TARGET = 11.0;
				MTL_ENABLE_DEBUG_INFO = NO;
				SDKROOT = iphoneos;
				SWIFT_COMPILATION_MODE = wholemodule;
				SWIFT_OPTIMIZATION_LEVEL = "-O";
				VALIDATE_PRODUCT = YES;
			};
			name = Release;
		};
		A40C81EE20C979310034681C /* Debug */ = {
			isa = XCBuildConfiguration;
			buildSettings = {
				ALWAYS_EMBED_SWIFT_STANDARD_LIBRARIES = YES;
				ASSETCATALOG_COMPILER_APPICON_NAME = AppIcon;
				CODE_SIGN_STYLE = Automatic;
				DEVELOPMENT_TEAM = YDABZ672Z5;
				FRAMEWORK_SEARCH_PATHS = "$(PROJECT_DIR)/../Vendor/Carthage/Build/iOS";
				INFOPLIST_FILE = "$(SRCROOT)/NSIstanbul/Resources/Info.plist";
				LD_RUNPATH_SEARCH_PATHS = (
					"$(inherited)",
					"@executable_path/Frameworks",
				);
				PRODUCT_BUNDLE_IDENTIFIER = com.nsistanbul.NSIstanbul;
				PRODUCT_NAME = "$(TARGET_NAME)";
				SWIFT_VERSION = 4.0;
				TARGETED_DEVICE_FAMILY = "1,2";
			};
			name = Debug;
		};
		A40C81EF20C979310034681C /* Release */ = {
			isa = XCBuildConfiguration;
			buildSettings = {
				ALWAYS_EMBED_SWIFT_STANDARD_LIBRARIES = YES;
				ASSETCATALOG_COMPILER_APPICON_NAME = AppIcon;
				CODE_SIGN_STYLE = Automatic;
				DEVELOPMENT_TEAM = YDABZ672Z5;
				FRAMEWORK_SEARCH_PATHS = "$(PROJECT_DIR)/../Vendor/Carthage/Build/iOS";
				INFOPLIST_FILE = "$(SRCROOT)/NSIstanbul/Resources/Info.plist";
				LD_RUNPATH_SEARCH_PATHS = (
					"$(inherited)",
					"@executable_path/Frameworks",
				);
				PRODUCT_BUNDLE_IDENTIFIER = com.nsistanbul.NSIstanbul;
				PRODUCT_NAME = "$(TARGET_NAME)";
				SWIFT_VERSION = 4.0;
				TARGETED_DEVICE_FAMILY = "1,2";
			};
			name = Release;
		};
		A40C81F120C979310034681C /* Debug */ = {
			isa = XCBuildConfiguration;
			buildSettings = {
				ALWAYS_EMBED_SWIFT_STANDARD_LIBRARIES = YES;
				BUNDLE_LOADER = "$(TEST_HOST)";
				CODE_SIGN_STYLE = Automatic;
				DEVELOPMENT_TEAM = YDABZ672Z5;
				INFOPLIST_FILE = "$(SRCROOT)/NSIstanbulTests/Resources/Info.plist";
				LD_RUNPATH_SEARCH_PATHS = (
					"$(inherited)",
					"@executable_path/Frameworks",
					"@loader_path/Frameworks",
				);
				PRODUCT_BUNDLE_IDENTIFIER = com.nsistanbul.NSIstanbulTests;
				PRODUCT_NAME = "$(TARGET_NAME)";
				SWIFT_VERSION = 4.0;
				TARGETED_DEVICE_FAMILY = "1,2";
				TEST_HOST = "$(BUILT_PRODUCTS_DIR)/NSIstanbul.app/NSIstanbul";
			};
			name = Debug;
		};
		A40C81F220C979310034681C /* Release */ = {
			isa = XCBuildConfiguration;
			buildSettings = {
				ALWAYS_EMBED_SWIFT_STANDARD_LIBRARIES = YES;
				BUNDLE_LOADER = "$(TEST_HOST)";
				CODE_SIGN_STYLE = Automatic;
				DEVELOPMENT_TEAM = YDABZ672Z5;
				INFOPLIST_FILE = "$(SRCROOT)/NSIstanbulTests/Resources/Info.plist";
				LD_RUNPATH_SEARCH_PATHS = (
					"$(inherited)",
					"@executable_path/Frameworks",
					"@loader_path/Frameworks",
				);
				PRODUCT_BUNDLE_IDENTIFIER = com.nsistanbul.NSIstanbulTests;
				PRODUCT_NAME = "$(TARGET_NAME)";
				SWIFT_VERSION = 4.0;
				TARGETED_DEVICE_FAMILY = "1,2";
				TEST_HOST = "$(BUILT_PRODUCTS_DIR)/NSIstanbul.app/NSIstanbul";
			};
			name = Release;
		};
/* End XCBuildConfiguration section */

/* Begin XCConfigurationList section */
		A40C81CB20C9792F0034681C /* Build configuration list for PBXProject "NSIstanbul" */ = {
			isa = XCConfigurationList;
			buildConfigurations = (
				A40C81EB20C979310034681C /* Debug */,
				A40C81EC20C979310034681C /* Release */,
			);
			defaultConfigurationIsVisible = 0;
			defaultConfigurationName = Release;
		};
		A40C81ED20C979310034681C /* Build configuration list for PBXNativeTarget "NSIstanbul" */ = {
			isa = XCConfigurationList;
			buildConfigurations = (
				A40C81EE20C979310034681C /* Debug */,
				A40C81EF20C979310034681C /* Release */,
			);
			defaultConfigurationIsVisible = 0;
			defaultConfigurationName = Release;
		};
		A40C81F020C979310034681C /* Build configuration list for PBXNativeTarget "NSIstanbulTests" */ = {
			isa = XCConfigurationList;
			buildConfigurations = (
				A40C81F120C979310034681C /* Debug */,
				A40C81F220C979310034681C /* Release */,
			);
			defaultConfigurationIsVisible = 0;
			defaultConfigurationName = Release;
		};
/* End XCConfigurationList section */
	};
	rootObject = A40C81C820C9792F0034681C /* Project object */;
}
