// !$*UTF8*$!
{
	archiveVersion = 1;
	classes = {
	};
	objectVersion = 50;
	objects = {

/* Begin PBXBuildFile section */
		A40C81D420C979300034681C /* AppDelegate.swift in Sources */ = {isa = PBXBuildFile; fileRef = A40C81D320C979300034681C /* AppDelegate.swift */; };
		A40C81DB20C979310034681C /* Assets.xcassets in Resources */ = {isa = PBXBuildFile; fileRef = A40C81DA20C979310034681C /* Assets.xcassets */; };
		A40C81DE20C979310034681C /* LaunchScreen.storyboard in Resources */ = {isa = PBXBuildFile; fileRef = A40C81DC20C979310034681C /* LaunchScreen.storyboard */; };
		A40C81E920C979310034681C /* NSIstanbulTests.swift in Sources */ = {isa = PBXBuildFile; fileRef = A40C81E820C979310034681C /* NSIstanbulTests.swift */; };
		A49C3AF020C97BCA004A195D /* Networker.framework in Frameworks */ = {isa = PBXBuildFile; fileRef = A49C3AEA20C97BBF004A195D /* Networker.framework */; };
		A49C3AF120C97BCA004A195D /* Networker.framework in Embed Frameworks */ = {isa = PBXBuildFile; fileRef = A49C3AEA20C97BBF004A195D /* Networker.framework */; settings = {ATTRIBUTES = (CodeSignOnCopy, RemoveHeadersOnCopy, ); }; };
		B23E042420CC230C0045D9B6 /* ApplicationRouter.swift in Sources */ = {isa = PBXBuildFile; fileRef = B23E042320CC230C0045D9B6 /* ApplicationRouter.swift */; };
		B2383E9620CC3262009215D3 /* PluggableApplicationDelegate.framework in Frameworks */ = {isa = PBXBuildFile; fileRef = B2383E9520CC3261009215D3 /* PluggableApplicationDelegate.framework */; };
		B2383E9720CC3262009215D3 /* PluggableApplicationDelegate.framework in Embed Frameworks */ = {isa = PBXBuildFile; fileRef = B2383E9520CC3261009215D3 /* PluggableApplicationDelegate.framework */; settings = {ATTRIBUTES = (CodeSignOnCopy, RemoveHeadersOnCopy, ); }; };
		B23E042620CC233F0045D9B6 /* RootTabBarController.swift in Sources */ = {isa = PBXBuildFile; fileRef = B23E042520CC233F0045D9B6 /* RootTabBarController.swift */; };
		B23E042820CC23470045D9B6 /* Root.storyboard in Resources */ = {isa = PBXBuildFile; fileRef = B23E042720CC23470045D9B6 /* Root.storyboard */; };
		B23E042A20CC23AF0045D9B6 /* EventsController.swift in Sources */ = {isa = PBXBuildFile; fileRef = B23E042920CC23AF0045D9B6 /* EventsController.swift */; };
		B23E042C20CC23BD0045D9B6 /* Events.storyboard in Resources */ = {isa = PBXBuildFile; fileRef = B23E042B20CC23BD0045D9B6 /* Events.storyboard */; };
		B23E042E20CC23ED0045D9B6 /* Constants.swift in Sources */ = {isa = PBXBuildFile; fileRef = B23E042D20CC23ED0045D9B6 /* Constants.swift */; };
		B23E043220CC24020045D9B6 /* StoryboardLoadable.swift in Sources */ = {isa = PBXBuildFile; fileRef = B23E042F20CC24020045D9B6 /* StoryboardLoadable.swift */; };
		B23E043320CC24020045D9B6 /* NibLoadable.swift in Sources */ = {isa = PBXBuildFile; fileRef = B23E043020CC24020045D9B6 /* NibLoadable.swift */; };
		B23E043420CC24020045D9B6 /* Instantiatable.swift in Sources */ = {isa = PBXBuildFile; fileRef = B23E043120CC24020045D9B6 /* Instantiatable.swift */; };
/* End PBXBuildFile section */

/* Begin PBXContainerItemProxy section */
		A40C81E520C979310034681C /* PBXContainerItemProxy */ = {
			isa = PBXContainerItemProxy;
			containerPortal = A40C81C820C9792F0034681C /* Project object */;
			proxyType = 1;
			remoteGlobalIDString = A40C81CF20C979300034681C;
			remoteInfo = NSIstanbul;
		};
		A49C3AE920C97BBF004A195D /* PBXContainerItemProxy */ = {
			isa = PBXContainerItemProxy;
			containerPortal = A49C3AE120C97BBF004A195D /* Networker.xcodeproj */;
			proxyType = 2;
			remoteGlobalIDString = A40C81FD20C979E10034681C;
			remoteInfo = Networker;
		};
		A49C3AEB20C97BBF004A195D /* PBXContainerItemProxy */ = {
			isa = PBXContainerItemProxy;
			containerPortal = A49C3AE120C97BBF004A195D /* Networker.xcodeproj */;
			proxyType = 2;
			remoteGlobalIDString = A40C820620C979E10034681C;
			remoteInfo = NetworkerTests;
		};
		A49C3AF220C97BCA004A195D /* PBXContainerItemProxy */ = {
			isa = PBXContainerItemProxy;
			containerPortal = A49C3AE120C97BBF004A195D /* Networker.xcodeproj */;
			proxyType = 1;
			remoteGlobalIDString = A40C81FC20C979E10034681C;
			remoteInfo = Networker;
		};
/* End PBXContainerItemProxy section */

/* Begin PBXCopyFilesBuildPhase section */
		A40C821A20C979F80034681C /* Embed Frameworks */ = {
			isa = PBXCopyFilesBuildPhase;
			buildActionMask = 2147483647;
			dstPath = "";
			dstSubfolderSpec = 10;
			files = (
				B2383E9720CC3262009215D3 /* PluggableApplicationDelegate.framework in Embed Frameworks */,
				A49C3AF120C97BCA004A195D /* Networker.framework in Embed Frameworks */,
			);
			name = "Embed Frameworks";
			runOnlyForDeploymentPostprocessing = 0;
		};
/* End PBXCopyFilesBuildPhase section */

/* Begin PBXFileReference section */
		A40C81D020C979300034681C /* NSIstanbul.app */ = {isa = PBXFileReference; explicitFileType = wrapper.application; includeInIndex = 0; path = NSIstanbul.app; sourceTree = BUILT_PRODUCTS_DIR; };
		A40C81D320C979300034681C /* AppDelegate.swift */ = {isa = PBXFileReference; lastKnownFileType = sourcecode.swift; path = AppDelegate.swift; sourceTree = "<group>"; };
		A40C81DA20C979310034681C /* Assets.xcassets */ = {isa = PBXFileReference; lastKnownFileType = folder.assetcatalog; path = Assets.xcassets; sourceTree = "<group>"; };
		A40C81DD20C979310034681C /* Base */ = {isa = PBXFileReference; lastKnownFileType = file.storyboard; name = Base; path = Base.lproj/LaunchScreen.storyboard; sourceTree = "<group>"; };
		A40C81DF20C979310034681C /* Info.plist */ = {isa = PBXFileReference; lastKnownFileType = text.plist.xml; path = Info.plist; sourceTree = "<group>"; };
		A40C81E420C979310034681C /* NSIstanbulTests.xctest */ = {isa = PBXFileReference; explicitFileType = wrapper.cfbundle; includeInIndex = 0; path = NSIstanbulTests.xctest; sourceTree = BUILT_PRODUCTS_DIR; };
		A40C81E820C979310034681C /* NSIstanbulTests.swift */ = {isa = PBXFileReference; lastKnownFileType = sourcecode.swift; path = NSIstanbulTests.swift; sourceTree = "<group>"; };
		A40C81EA20C979310034681C /* Info.plist */ = {isa = PBXFileReference; lastKnownFileType = text.plist.xml; path = Info.plist; sourceTree = "<group>"; };
		A49C3AE120C97BBF004A195D /* Networker.xcodeproj */ = {isa = PBXFileReference; lastKnownFileType = "wrapper.pb-project"; path = Networker.xcodeproj; sourceTree = "<group>"; };
		B23E042320CC230C0045D9B6 /* ApplicationRouter.swift */ = {isa = PBXFileReference; lastKnownFileType = sourcecode.swift; path = ApplicationRouter.swift; sourceTree = "<group>"; };
		B2383E9520CC3261009215D3 /* PluggableApplicationDelegate.framework */ = {isa = PBXFileReference; lastKnownFileType = wrapper.framework; name = PluggableApplicationDelegate.framework; path = ../../../Vendor/Carthage/Build/iOS/PluggableApplicationDelegate.framework; sourceTree = "<group>"; };
		B23E042520CC233F0045D9B6 /* RootTabBarController.swift */ = {isa = PBXFileReference; lastKnownFileType = sourcecode.swift; path = RootTabBarController.swift; sourceTree = "<group>"; };
		B23E042720CC23470045D9B6 /* Root.storyboard */ = {isa = PBXFileReference; lastKnownFileType = file.storyboard; path = Root.storyboard; sourceTree = "<group>"; };
		B23E042920CC23AF0045D9B6 /* EventsController.swift */ = {isa = PBXFileReference; lastKnownFileType = sourcecode.swift; path = EventsController.swift; sourceTree = "<group>"; };
		B23E042B20CC23BD0045D9B6 /* Events.storyboard */ = {isa = PBXFileReference; lastKnownFileType = file.storyboard; path = Events.storyboard; sourceTree = "<group>"; };
		B23E042D20CC23ED0045D9B6 /* Constants.swift */ = {isa = PBXFileReference; lastKnownFileType = sourcecode.swift; path = Constants.swift; sourceTree = "<group>"; };
		B23E042F20CC24020045D9B6 /* StoryboardLoadable.swift */ = {isa = PBXFileReference; fileEncoding = 4; lastKnownFileType = sourcecode.swift; path = StoryboardLoadable.swift; sourceTree = "<group>"; };
		B23E043020CC24020045D9B6 /* NibLoadable.swift */ = {isa = PBXFileReference; fileEncoding = 4; lastKnownFileType = sourcecode.swift; path = NibLoadable.swift; sourceTree = "<group>"; };
		B23E043120CC24020045D9B6 /* Instantiatable.swift */ = {isa = PBXFileReference; fileEncoding = 4; lastKnownFileType = sourcecode.swift; path = Instantiatable.swift; sourceTree = "<group>"; };
/* End PBXFileReference section */

/* Begin PBXFrameworksBuildPhase section */
		A40C81CD20C979300034681C /* Frameworks */ = {
			isa = PBXFrameworksBuildPhase;
			buildActionMask = 2147483647;
			files = (
				B2383E9620CC3262009215D3 /* PluggableApplicationDelegate.framework in Frameworks */,
				A49C3AF020C97BCA004A195D /* Networker.framework in Frameworks */,
			);
			runOnlyForDeploymentPostprocessing = 0;
		};
		A40C81E120C979310034681C /* Frameworks */ = {
			isa = PBXFrameworksBuildPhase;
			buildActionMask = 2147483647;
			files = (
			);
			runOnlyForDeploymentPostprocessing = 0;
		};
/* End PBXFrameworksBuildPhase section */

/* Begin PBXGroup section */
		A40C81C720C9792F0034681C = {
			isa = PBXGroup;
			children = (
				A40C81D220C979300034681C /* NSIstanbul */,
				A40C81E720C979310034681C /* NSIstanbulTests */,
				A41B659720C97B31005A38B2 /* Vendor */,
				A40C81D120C979300034681C /* Products */,
			);
			sourceTree = "<group>";
		};
		A40C81D120C979300034681C /* Products */ = {
			isa = PBXGroup;
			children = (
				A40C81D020C979300034681C /* NSIstanbul.app */,
				A40C81E420C979310034681C /* NSIstanbulTests.xctest */,
			);
			name = Products;
			sourceTree = "<group>";
		};
		A40C81D220C979300034681C /* NSIstanbul */ = {
			isa = PBXGroup;
			children = (
				B23E041620CC20030045D9B6 /* Application */,
				B23E041820CC200B0045D9B6 /* Constants */,
				B23E041920CC20130045D9B6 /* Extensions */,
				B2383E9320CC3241009215D3 /* Frameworks */,
				B23E041A20CC20190045D9B6 /* Models */,
				B23E041B20CC20220045D9B6 /* Protocols */,
				B23E041C20CC20280045D9B6 /* Resources */,
				B23E041D20CC20310045D9B6 /* Screens */,
			);
			path = NSIstanbul;
			sourceTree = "<group>";
		};
		A40C81E720C979310034681C /* NSIstanbulTests */ = {
			isa = PBXGroup;
			children = (
				A40C81E820C979310034681C /* NSIstanbulTests.swift */,
				A40C81EA20C979310034681C /* Info.plist */,
			);
			path = NSIstanbulTests;
			sourceTree = "<group>";
		};
		A41B659720C97B31005A38B2 /* Vendor */ = {
			isa = PBXGroup;
			children = (
				A49C3ADD20C97BBF004A195D /* Networker */,
			);
			name = Vendor;
			sourceTree = "<group>";
		};
		A49C3ADD20C97BBF004A195D /* Networker */ = {
			isa = PBXGroup;
			children = (
				A49C3AE120C97BBF004A195D /* Networker.xcodeproj */,
			);
			name = Networker;
			path = ../Networker;
			sourceTree = "<group>";
		};
		A49C3AE220C97BBF004A195D /* Products */ = {
			isa = PBXGroup;
			children = (
				A49C3AEA20C97BBF004A195D /* Networker.framework */,
				A49C3AEC20C97BBF004A195D /* NetworkerTests.xctest */,
			);
			name = Products;
			sourceTree = "<group>";
		};
		B2383E9320CC3241009215D3 /* Frameworks */ = {
			isa = PBXGroup;
			children = (
				B2383E9520CC3261009215D3 /* PluggableApplicationDelegate.framework */,
			);
			path = Frameworks;
			sourceTree = "<group>";
		};
		B23E041620CC20030045D9B6 /* Application */ = {
			isa = PBXGroup;
			children = (
				A40C81D320C979300034681C /* AppDelegate.swift */,
				B23E042320CC230C0045D9B6 /* ApplicationRouter.swift */,
			);
			path = Application;
			sourceTree = "<group>";
		};
		B23E041820CC200B0045D9B6 /* Constants */ = {
			isa = PBXGroup;
			children = (
				B23E042D20CC23ED0045D9B6 /* Constants.swift */,
			);
			path = Constants;
			sourceTree = "<group>";
		};
		B23E041920CC20130045D9B6 /* Extensions */ = {
			isa = PBXGroup;
			children = (
			);
			path = Extensions;
			sourceTree = "<group>";
		};
		B23E041A20CC20190045D9B6 /* Models */ = {
			isa = PBXGroup;
			children = (
			);
			path = Models;
			sourceTree = "<group>";
		};
		B23E041B20CC20220045D9B6 /* Protocols */ = {
			isa = PBXGroup;
			children = (
				B23E043120CC24020045D9B6 /* Instantiatable.swift */,
				B23E043020CC24020045D9B6 /* NibLoadable.swift */,
				B23E042F20CC24020045D9B6 /* StoryboardLoadable.swift */,
			);
			path = Protocols;
			sourceTree = "<group>";
		};
		B23E041C20CC20280045D9B6 /* Resources */ = {
			isa = PBXGroup;
			children = (
				A40C81DC20C979310034681C /* LaunchScreen.storyboard */,
				A40C81DF20C979310034681C /* Info.plist */,
				A40C81DA20C979310034681C /* Assets.xcassets */,
			);
			path = Resources;
			sourceTree = "<group>";
		};
		B23E041D20CC20310045D9B6 /* Screens */ = {
			isa = PBXGroup;
			children = (
				B23E042220CC22D30045D9B6 /* About */,
				B23E042020CC22CB0045D9B6 /* Companies */,
				B23E041F20CC22AD0045D9B6 /* Events */,
				B23E042120CC22CF0045D9B6 /* Jobs */,
				B23E041E20CC22A50045D9B6 /* Root */,
			);
			path = Screens;
			sourceTree = "<group>";
		};
		B23E041E20CC22A50045D9B6 /* Root */ = {
			isa = PBXGroup;
			children = (
				B23E042520CC233F0045D9B6 /* RootTabBarController.swift */,
				B23E042720CC23470045D9B6 /* Root.storyboard */,
			);
			path = Root;
			sourceTree = "<group>";
		};
		B23E041F20CC22AD0045D9B6 /* Events */ = {
			isa = PBXGroup;
			children = (
				B23E042920CC23AF0045D9B6 /* EventsController.swift */,
				B23E042B20CC23BD0045D9B6 /* Events.storyboard */,
			);
			path = Events;
			sourceTree = "<group>";
		};
		B23E042020CC22CB0045D9B6 /* Companies */ = {
			isa = PBXGroup;
			children = (
			);
			path = Companies;
			sourceTree = "<group>";
		};
		B23E042120CC22CF0045D9B6 /* Jobs */ = {
			isa = PBXGroup;
			children = (
			);
			path = Jobs;
			sourceTree = "<group>";
		};
		B23E042220CC22D30045D9B6 /* About */ = {
			isa = PBXGroup;
			children = (
			);
			path = About;
			sourceTree = "<group>";
		};
/* End PBXGroup section */

/* Begin PBXNativeTarget section */
		A40C81CF20C979300034681C /* NSIstanbul */ = {
			isa = PBXNativeTarget;
			buildConfigurationList = A40C81ED20C979310034681C /* Build configuration list for PBXNativeTarget "NSIstanbul" */;
			buildPhases = (
				A40C81CC20C979300034681C /* Sources */,
				A40C81CD20C979300034681C /* Frameworks */,
				A40C81CE20C979300034681C /* Resources */,
				A40C821A20C979F80034681C /* Embed Frameworks */,
				A49C3AF720C97F44004A195D /* Carthage Copy Frameworks */,
			);
			buildRules = (
			);
			dependencies = (
				A49C3AF320C97BCA004A195D /* PBXTargetDependency */,
			);
			name = NSIstanbul;
			productName = NSIstanbul;
			productReference = A40C81D020C979300034681C /* NSIstanbul.app */;
			productType = "com.apple.product-type.application";
		};
		A40C81E320C979310034681C /* NSIstanbulTests */ = {
			isa = PBXNativeTarget;
			buildConfigurationList = A40C81F020C979310034681C /* Build configuration list for PBXNativeTarget "NSIstanbulTests" */;
			buildPhases = (
				A40C81E020C979310034681C /* Sources */,
				A40C81E120C979310034681C /* Frameworks */,
				A40C81E220C979310034681C /* Resources */,
			);
			buildRules = (
			);
			dependencies = (
				A40C81E620C979310034681C /* PBXTargetDependency */,
			);
			name = NSIstanbulTests;
			productName = NSIstanbulTests;
			productReference = A40C81E420C979310034681C /* NSIstanbulTests.xctest */;
			productType = "com.apple.product-type.bundle.unit-test";
		};
/* End PBXNativeTarget section */

/* Begin PBXProject section */
		A40C81C820C9792F0034681C /* Project object */ = {
			isa = PBXProject;
			attributes = {
				LastSwiftUpdateCheck = 0940;
				LastUpgradeCheck = 0940;
				ORGANIZATIONNAME = NSIstanbul;
				TargetAttributes = {
					A40C81CF20C979300034681C = {
						CreatedOnToolsVersion = 9.4;
					};
					A40C81E320C979310034681C = {
						CreatedOnToolsVersion = 9.4;
						TestTargetID = A40C81CF20C979300034681C;
					};
				};
			};
			buildConfigurationList = A40C81CB20C9792F0034681C /* Build configuration list for PBXProject "NSIstanbul" */;
			compatibilityVersion = "Xcode 9.3";
			developmentRegion = en;
			hasScannedForEncodings = 0;
			knownRegions = (
				en,
				Base,
			);
			mainGroup = A40C81C720C9792F0034681C;
			productRefGroup = A40C81D120C979300034681C /* Products */;
			projectDirPath = "";
			projectReferences = (
				{
					ProductGroup = A49C3AE220C97BBF004A195D /* Products */;
					ProjectRef = A49C3AE120C97BBF004A195D /* Networker.xcodeproj */;
				},
			);
			projectRoot = "";
			targets = (
				A40C81CF20C979300034681C /* NSIstanbul */,
				A40C81E320C979310034681C /* NSIstanbulTests */,
			);
		};
/* End PBXProject section */

/* Begin PBXReferenceProxy section */
		A49C3AEA20C97BBF004A195D /* Networker.framework */ = {
			isa = PBXReferenceProxy;
			fileType = wrapper.framework;
			path = Networker.framework;
			remoteRef = A49C3AE920C97BBF004A195D /* PBXContainerItemProxy */;
			sourceTree = BUILT_PRODUCTS_DIR;
		};
		A49C3AEC20C97BBF004A195D /* NetworkerTests.xctest */ = {
			isa = PBXReferenceProxy;
			fileType = wrapper.cfbundle;
			path = NetworkerTests.xctest;
			remoteRef = A49C3AEB20C97BBF004A195D /* PBXContainerItemProxy */;
			sourceTree = BUILT_PRODUCTS_DIR;
		};
/* End PBXReferenceProxy section */

/* Begin PBXResourcesBuildPhase section */
		A40C81CE20C979300034681C /* Resources */ = {
			isa = PBXResourcesBuildPhase;
			buildActionMask = 2147483647;
			files = (
				B23E042820CC23470045D9B6 /* Root.storyboard in Resources */,
				B23E042C20CC23BD0045D9B6 /* Events.storyboard in Resources */,
				A40C81DE20C979310034681C /* LaunchScreen.storyboard in Resources */,
				A40C81DB20C979310034681C /* Assets.xcassets in Resources */,
			);
			runOnlyForDeploymentPostprocessing = 0;
		};
		A40C81E220C979310034681C /* Resources */ = {
			isa = PBXResourcesBuildPhase;
			buildActionMask = 2147483647;
			files = (
			);
			runOnlyForDeploymentPostprocessing = 0;
		};
/* End PBXResourcesBuildPhase section */

/* Begin PBXShellScriptBuildPhase section */
		A49C3AF720C97F44004A195D /* Carthage Copy Frameworks */ = {
			isa = PBXShellScriptBuildPhase;
			buildActionMask = 2147483647;
			files = (
			);
			inputPaths = (
				"$(SRCROOT)/../Vendor/Carthage/Build/iOS/Alamofire.framework",
				"$(SRCROOT)/../Vendor/Carthage/Build/iOS/PluggableApplicationDelegate.framework",
			);
			name = "Carthage Copy Frameworks";
			outputPaths = (
				"$(BUILT_PRODUCTS_DIR)/$(FRAMEWORKS_FOLDER_PATH)/Alamofire.framework",
				"$(BUILT_PRODUCTS_DIR)/$/(FRAMEWORKS_FOLDER_PATH)/PluggableApplicationDelegate.framework",
			);
			runOnlyForDeploymentPostprocessing = 0;
			shellPath = /bin/sh;
			shellScript = "/usr/local/bin/carthage copy-frameworks\n";
		};
/* End PBXShellScriptBuildPhase section */

/* Begin PBXSourcesBuildPhase section */
		A40C81CC20C979300034681C /* Sources */ = {
			isa = PBXSourcesBuildPhase;
			buildActionMask = 2147483647;
			files = (
				B23E042E20CC23ED0045D9B6 /* Constants.swift in Sources */,
				A40C81D420C979300034681C /* AppDelegate.swift in Sources */,
				B23E043420CC24020045D9B6 /* Instantiatable.swift in Sources */,
				B23E043320CC24020045D9B6 /* NibLoadable.swift in Sources */,
				B23E042620CC233F0045D9B6 /* RootTabBarController.swift in Sources */,
				B23E042A20CC23AF0045D9B6 /* EventsController.swift in Sources */,
				B23E043220CC24020045D9B6 /* StoryboardLoadable.swift in Sources */,
				B23E042420CC230C0045D9B6 /* ApplicationRouter.swift in Sources */,
			);
			runOnlyForDeploymentPostprocessing = 0;
		};
		A40C81E020C979310034681C /* Sources */ = {
			isa = PBXSourcesBuildPhase;
			buildActionMask = 2147483647;
			files = (
				A40C81E920C979310034681C /* NSIstanbulTests.swift in Sources */,
			);
			runOnlyForDeploymentPostprocessing = 0;
		};
/* End PBXSourcesBuildPhase section */

/* Begin PBXTargetDependency section */
		A40C81E620C979310034681C /* PBXTargetDependency */ = {
			isa = PBXTargetDependency;
			target = A40C81CF20C979300034681C /* NSIstanbul */;
			targetProxy = A40C81E520C979310034681C /* PBXContainerItemProxy */;
		};
		A49C3AF320C97BCA004A195D /* PBXTargetDependency */ = {
			isa = PBXTargetDependency;
			name = Networker;
			targetProxy = A49C3AF220C97BCA004A195D /* PBXContainerItemProxy */;
		};
/* End PBXTargetDependency section */

/* Begin PBXVariantGroup section */
		A40C81DC20C979310034681C /* LaunchScreen.storyboard */ = {
			isa = PBXVariantGroup;
			children = (
				A40C81DD20C979310034681C /* Base */,
			);
			name = LaunchScreen.storyboard;
			sourceTree = "<group>";
		};
/* End PBXVariantGroup section */

/* Begin XCBuildConfiguration section */
		A40C81EB20C979310034681C /* Debug */ = {
			isa = XCBuildConfiguration;
			buildSettings = {
				ALWAYS_SEARCH_USER_PATHS = NO;
				CLANG_ANALYZER_NONNULL = YES;
				CLANG_ANALYZER_NUMBER_OBJECT_CONVERSION = YES_AGGRESSIVE;
				CLANG_CXX_LANGUAGE_STANDARD = "gnu++14";
				CLANG_CXX_LIBRARY = "libc++";
				CLANG_ENABLE_MODULES = YES;
				CLANG_ENABLE_OBJC_ARC = YES;
				CLANG_ENABLE_OBJC_WEAK = YES;
				CLANG_WARN_BLOCK_CAPTURE_AUTORELEASING = YES;
				CLANG_WARN_BOOL_CONVERSION = YES;
				CLANG_WARN_COMMA = YES;
				CLANG_WARN_CONSTANT_CONVERSION = YES;
				CLANG_WARN_DEPRECATED_OBJC_IMPLEMENTATIONS = YES;
				CLANG_WARN_DIRECT_OBJC_ISA_USAGE = YES_ERROR;
				CLANG_WARN_DOCUMENTATION_COMMENTS = YES;
				CLANG_WARN_EMPTY_BODY = YES;
				CLANG_WARN_ENUM_CONVERSION = YES;
				CLANG_WARN_INFINITE_RECURSION = YES;
				CLANG_WARN_INT_CONVERSION = YES;
				CLANG_WARN_NON_LITERAL_NULL_CONVERSION = YES;
				CLANG_WARN_OBJC_IMPLICIT_RETAIN_SELF = YES;
				CLANG_WARN_OBJC_LITERAL_CONVERSION = YES;
				CLANG_WARN_OBJC_ROOT_CLASS = YES_ERROR;
				CLANG_WARN_RANGE_LOOP_ANALYSIS = YES;
				CLANG_WARN_STRICT_PROTOTYPES = YES;
				CLANG_WARN_SUSPICIOUS_MOVE = YES;
				CLANG_WARN_UNGUARDED_AVAILABILITY = YES_AGGRESSIVE;
				CLANG_WARN_UNREACHABLE_CODE = YES;
				CLANG_WARN__DUPLICATE_METHOD_MATCH = YES;
				CODE_SIGN_IDENTITY = "iPhone Developer";
				COPY_PHASE_STRIP = NO;
				DEBUG_INFORMATION_FORMAT = dwarf;
				ENABLE_STRICT_OBJC_MSGSEND = YES;
				ENABLE_TESTABILITY = YES;
				FRAMEWORK_SEARCH_PATHS = "$(SRCROOT)/../Vendor/Carthage/Build/iOS";
				GCC_C_LANGUAGE_STANDARD = gnu11;
				GCC_DYNAMIC_NO_PIC = NO;
				GCC_NO_COMMON_BLOCKS = YES;
				GCC_OPTIMIZATION_LEVEL = 0;
				GCC_PREPROCESSOR_DEFINITIONS = (
					"DEBUG=1",
					"$(inherited)",
				);
				GCC_WARN_64_TO_32_BIT_CONVERSION = YES;
				GCC_WARN_ABOUT_RETURN_TYPE = YES_ERROR;
				GCC_WARN_UNDECLARED_SELECTOR = YES;
				GCC_WARN_UNINITIALIZED_AUTOS = YES_AGGRESSIVE;
				GCC_WARN_UNUSED_FUNCTION = YES;
				GCC_WARN_UNUSED_VARIABLE = YES;
				IPHONEOS_DEPLOYMENT_TARGET = 11.4;
				MTL_ENABLE_DEBUG_INFO = YES;
				ONLY_ACTIVE_ARCH = YES;
				SDKROOT = iphoneos;
				SWIFT_ACTIVE_COMPILATION_CONDITIONS = DEBUG;
				SWIFT_OPTIMIZATION_LEVEL = "-Onone";
			};
			name = Debug;
		};
		A40C81EC20C979310034681C /* Release */ = {
			isa = XCBuildConfiguration;
			buildSettings = {
				ALWAYS_SEARCH_USER_PATHS = NO;
				CLANG_ANALYZER_NONNULL = YES;
				CLANG_ANALYZER_NUMBER_OBJECT_CONVERSION = YES_AGGRESSIVE;
				CLANG_CXX_LANGUAGE_STANDARD = "gnu++14";
				CLANG_CXX_LIBRARY = "libc++";
				CLANG_ENABLE_MODULES = YES;
				CLANG_ENABLE_OBJC_ARC = YES;
				CLANG_ENABLE_OBJC_WEAK = YES;
				CLANG_WARN_BLOCK_CAPTURE_AUTORELEASING = YES;
				CLANG_WARN_BOOL_CONVERSION = YES;
				CLANG_WARN_COMMA = YES;
				CLANG_WARN_CONSTANT_CONVERSION = YES;
				CLANG_WARN_DEPRECATED_OBJC_IMPLEMENTATIONS = YES;
				CLANG_WARN_DIRECT_OBJC_ISA_USAGE = YES_ERROR;
				CLANG_WARN_DOCUMENTATION_COMMENTS = YES;
				CLANG_WARN_EMPTY_BODY = YES;
				CLANG_WARN_ENUM_CONVERSION = YES;
				CLANG_WARN_INFINITE_RECURSION = YES;
				CLANG_WARN_INT_CONVERSION = YES;
				CLANG_WARN_NON_LITERAL_NULL_CONVERSION = YES;
				CLANG_WARN_OBJC_IMPLICIT_RETAIN_SELF = YES;
				CLANG_WARN_OBJC_LITERAL_CONVERSION = YES;
				CLANG_WARN_OBJC_ROOT_CLASS = YES_ERROR;
				CLANG_WARN_RANGE_LOOP_ANALYSIS = YES;
				CLANG_WARN_STRICT_PROTOTYPES = YES;
				CLANG_WARN_SUSPICIOUS_MOVE = YES;
				CLANG_WARN_UNGUARDED_AVAILABILITY = YES_AGGRESSIVE;
				CLANG_WARN_UNREACHABLE_CODE = YES;
				CLANG_WARN__DUPLICATE_METHOD_MATCH = YES;
				CODE_SIGN_IDENTITY = "iPhone Developer";
				COPY_PHASE_STRIP = NO;
				DEBUG_INFORMATION_FORMAT = "dwarf-with-dsym";
				ENABLE_NS_ASSERTIONS = NO;
				ENABLE_STRICT_OBJC_MSGSEND = YES;
				FRAMEWORK_SEARCH_PATHS = "$(SRCROOT)/../Vendor/Carthage/Build/iOS";
				GCC_C_LANGUAGE_STANDARD = gnu11;
				GCC_NO_COMMON_BLOCKS = YES;
				GCC_WARN_64_TO_32_BIT_CONVERSION = YES;
				GCC_WARN_ABOUT_RETURN_TYPE = YES_ERROR;
				GCC_WARN_UNDECLARED_SELECTOR = YES;
				GCC_WARN_UNINITIALIZED_AUTOS = YES_AGGRESSIVE;
				GCC_WARN_UNUSED_FUNCTION = YES;
				GCC_WARN_UNUSED_VARIABLE = YES;
				IPHONEOS_DEPLOYMENT_TARGET = 11.4;
				MTL_ENABLE_DEBUG_INFO = NO;
				SDKROOT = iphoneos;
				SWIFT_COMPILATION_MODE = wholemodule;
				SWIFT_OPTIMIZATION_LEVEL = "-O";
				VALIDATE_PRODUCT = YES;
			};
			name = Release;
		};
		A40C81EE20C979310034681C /* Debug */ = {
			isa = XCBuildConfiguration;
			buildSettings = {
				ASSETCATALOG_COMPILER_APPICON_NAME = AppIcon;
				CODE_SIGN_STYLE = Automatic;
				DEVELOPMENT_TEAM = YDABZ672Z5;
				FRAMEWORK_SEARCH_PATHS = "$(PROJECT_DIR)/../Vendor/Carthage/Build/iOS";
				INFOPLIST_FILE = "$(SRCROOT)/NSIstanbul/Resources/Info.plist";
				LD_RUNPATH_SEARCH_PATHS = (
					"$(inherited)",
					"@executable_path/Frameworks",
				);
				PRODUCT_BUNDLE_IDENTIFIER = com.nsistanbul.NSIstanbul;
				PRODUCT_NAME = "$(TARGET_NAME)";
				SWIFT_VERSION = 4.0;
				TARGETED_DEVICE_FAMILY = "1,2";
			};
			name = Debug;
		};
		A40C81EF20C979310034681C /* Release */ = {
			isa = XCBuildConfiguration;
			buildSettings = {
				ASSETCATALOG_COMPILER_APPICON_NAME = AppIcon;
				CODE_SIGN_STYLE = Automatic;
				DEVELOPMENT_TEAM = YDABZ672Z5;
				FRAMEWORK_SEARCH_PATHS = "$(PROJECT_DIR)/../Vendor/Carthage/Build/iOS";
				INFOPLIST_FILE = "$(SRCROOT)/NSIstanbul/Resources/Info.plist";
				LD_RUNPATH_SEARCH_PATHS = (
					"$(inherited)",
					"@executable_path/Frameworks",
				);
				PRODUCT_BUNDLE_IDENTIFIER = com.nsistanbul.NSIstanbul;
				PRODUCT_NAME = "$(TARGET_NAME)";
				SWIFT_VERSION = 4.0;
				TARGETED_DEVICE_FAMILY = "1,2";
			};
			name = Release;
		};
		A40C81F120C979310034681C /* Debug */ = {
			isa = XCBuildConfiguration;
			buildSettings = {
				ALWAYS_EMBED_SWIFT_STANDARD_LIBRARIES = YES;
				BUNDLE_LOADER = "$(TEST_HOST)";
				CODE_SIGN_STYLE = Automatic;
				DEVELOPMENT_TEAM = YDABZ672Z5;
				INFOPLIST_FILE = NSIstanbulTests/Info.plist;
				LD_RUNPATH_SEARCH_PATHS = (
					"$(inherited)",
					"@executable_path/Frameworks",
					"@loader_path/Frameworks",
				);
				PRODUCT_BUNDLE_IDENTIFIER = com.nsistanbul.NSIstanbulTests;
				PRODUCT_NAME = "$(TARGET_NAME)";
				SWIFT_VERSION = 4.0;
				TARGETED_DEVICE_FAMILY = "1,2";
				TEST_HOST = "$(BUILT_PRODUCTS_DIR)/NSIstanbul.app/NSIstanbul";
			};
			name = Debug;
		};
		A40C81F220C979310034681C /* Release */ = {
			isa = XCBuildConfiguration;
			buildSettings = {
				ALWAYS_EMBED_SWIFT_STANDARD_LIBRARIES = YES;
				BUNDLE_LOADER = "$(TEST_HOST)";
				CODE_SIGN_STYLE = Automatic;
				DEVELOPMENT_TEAM = YDABZ672Z5;
				INFOPLIST_FILE = NSIstanbulTests/Info.plist;
				LD_RUNPATH_SEARCH_PATHS = (
					"$(inherited)",
					"@executable_path/Frameworks",
					"@loader_path/Frameworks",
				);
				PRODUCT_BUNDLE_IDENTIFIER = com.nsistanbul.NSIstanbulTests;
				PRODUCT_NAME = "$(TARGET_NAME)";
				SWIFT_VERSION = 4.0;
				TARGETED_DEVICE_FAMILY = "1,2";
				TEST_HOST = "$(BUILT_PRODUCTS_DIR)/NSIstanbul.app/NSIstanbul";
			};
			name = Release;
		};
/* End XCBuildConfiguration section */

/* Begin XCConfigurationList section */
		A40C81CB20C9792F0034681C /* Build configuration list for PBXProject "NSIstanbul" */ = {
			isa = XCConfigurationList;
			buildConfigurations = (
				A40C81EB20C979310034681C /* Debug */,
				A40C81EC20C979310034681C /* Release */,
			);
			defaultConfigurationIsVisible = 0;
			defaultConfigurationName = Release;
		};
		A40C81ED20C979310034681C /* Build configuration list for PBXNativeTarget "NSIstanbul" */ = {
			isa = XCConfigurationList;
			buildConfigurations = (
				A40C81EE20C979310034681C /* Debug */,
				A40C81EF20C979310034681C /* Release */,
			);
			defaultConfigurationIsVisible = 0;
			defaultConfigurationName = Release;
		};
		A40C81F020C979310034681C /* Build configuration list for PBXNativeTarget "NSIstanbulTests" */ = {
			isa = XCConfigurationList;
			buildConfigurations = (
				A40C81F120C979310034681C /* Debug */,
				A40C81F220C979310034681C /* Release */,
			);
			defaultConfigurationIsVisible = 0;
			defaultConfigurationName = Release;
		};
/* End XCConfigurationList section */
	};
	rootObject = A40C81C820C9792F0034681C /* Project object */;
}
